
Microsoft Visual Studio Solution File, Format Version 12.00
# Visual Studio Version 16
VisualStudioVersion = 16.0.30114.105
MinimumVisualStudioVersion = 10.0.40219.1
Project("{FAE04EC0-301F-11D3-BF4B-00C04F79EFBC}") = "Day1", "Day1\Day1.csproj", "{8DF43A0D-1915-4ADC-818D-8033B141ED05}"
EndProject
Project("{FAE04EC0-301F-11D3-BF4B-00C04F79EFBC}") = "Common", "Common\Common.csproj", "{9AD5D602-B514-4E89-9493-7F82DEE37C43}"
EndProject
Global
	GlobalSection(SolutionConfigurationPlatforms) = preSolution
		Debug|Any CPU = Debug|Any CPU
		Release|Any CPU = Release|Any CPU
	EndGlobalSection
	GlobalSection(SolutionProperties) = preSolution
		HideSolutionNode = FALSE
	EndGlobalSection
	GlobalSection(ProjectConfigurationPlatforms) = postSolution
		{8DF43A0D-1915-4ADC-818D-8033B141ED05}.Debug|Any CPU.ActiveCfg = Debug|Any CPU
		{8DF43A0D-1915-4ADC-818D-8033B141ED05}.Debug|Any CPU.Build.0 = Debug|Any CPU
		{8DF43A0D-1915-4ADC-818D-8033B141ED05}.Release|Any CPU.ActiveCfg = Release|Any CPU
		{8DF43A0D-1915-4ADC-818D-8033B141ED05}.Release|Any CPU.Build.0 = Release|Any CPU
		{9AD5D602-B514-4E89-9493-7F82DEE37C43}.Debug|Any CPU.ActiveCfg = Debug|Any CPU
		{9AD5D602-B514-4E89-9493-7F82DEE37C43}.Debug|Any CPU.Build.0 = Debug|Any CPU
		{9AD5D602-B514-4E89-9493-7F82DEE37C43}.Release|Any CPU.ActiveCfg = Release|Any CPU
		{9AD5D602-B514-4E89-9493-7F82DEE37C43}.Release|Any CPU.Build.0 = Release|Any CPU
	EndGlobalSection
EndGlobal
