
Microsoft Visual Studio Solution File, Format Version 12.00
# Visual Studio Version 16
VisualStudioVersion = 16.0.30114.105
MinimumVisualStudioVersion = 10.0.40219.1
Project("{FAE04EC0-301F-11D3-BF4B-00C04F79EFBC}") = "Day1", "Day1\Day1.csproj", "{8DF43A0D-1915-4ADC-818D-8033B141ED05}"
EndProject
Project("{FAE04EC0-301F-11D3-BF4B-00C04F79EFBC}") = "Common", "Common\Common.csproj", "{9AD5D602-B514-4E89-9493-7F82DEE37C43}"
EndProject
Project("{FAE04EC0-301F-11D3-BF4B-00C04F79EFBC}") = "Day2", "Day2\Day2.csproj", "{5B7490BF-2F24-4D8C-BB97-E38EA7F066E7}"
EndProject
Project("{2150E333-8FDC-42A3-9474-1A3956D46DE8}") = "SolutionFiles", "SolutionFiles", "{0E31E044-4B2B-48AB-8947-C89AD1C444EB}"
	ProjectSection(SolutionItems) = preProject
		Directory.Build.props = Directory.Build.props
		AdventOfCode.cs = AdventOfCode.cs
	EndProjectSection
EndProject
Project("{FAE04EC0-301F-11D3-BF4B-00C04F79EFBC}") = "Day3", "Day3\Day3.csproj", "{F9B49C99-8EE2-441C-A47D-285852DDA4F5}"
EndProject
Project("{FAE04EC0-301F-11D3-BF4B-00C04F79EFBC}") = "Day4", "Day4\Day4.csproj", "{C60C505D-760C-4637-90DB-2EBDC8914B15}"
EndProject
Project("{FAE04EC0-301F-11D3-BF4B-00C04F79EFBC}") = "Day5", "Day5\Day5.csproj", "{5DC3981A-4EB0-4EB3-924E-A29FF4E96A99}"
EndProject
Project("{FAE04EC0-301F-11D3-BF4B-00C04F79EFBC}") = "Day6", "Day6\Day6.csproj", "{574F495C-50BF-4071-A85D-1D1152D36908}"
EndProject
Project("{FAE04EC0-301F-11D3-BF4B-00C04F79EFBC}") = "Day7", "Day7\Day7.csproj", "{41216D54-7A9F-4624-BA7D-D88B7B81A195}"
EndProject
Global
	GlobalSection(SolutionConfigurationPlatforms) = preSolution
		Debug|Any CPU = Debug|Any CPU
		Release|Any CPU = Release|Any CPU
	EndGlobalSection
	GlobalSection(SolutionProperties) = preSolution
		HideSolutionNode = FALSE
	EndGlobalSection
	GlobalSection(ProjectConfigurationPlatforms) = postSolution
		{8DF43A0D-1915-4ADC-818D-8033B141ED05}.Debug|Any CPU.ActiveCfg = Debug|Any CPU
		{8DF43A0D-1915-4ADC-818D-8033B141ED05}.Debug|Any CPU.Build.0 = Debug|Any CPU
		{8DF43A0D-1915-4ADC-818D-8033B141ED05}.Release|Any CPU.ActiveCfg = Release|Any CPU
		{8DF43A0D-1915-4ADC-818D-8033B141ED05}.Release|Any CPU.Build.0 = Release|Any CPU
		{9AD5D602-B514-4E89-9493-7F82DEE37C43}.Debug|Any CPU.ActiveCfg = Debug|Any CPU
		{9AD5D602-B514-4E89-9493-7F82DEE37C43}.Debug|Any CPU.Build.0 = Debug|Any CPU
		{9AD5D602-B514-4E89-9493-7F82DEE37C43}.Release|Any CPU.ActiveCfg = Release|Any CPU
		{9AD5D602-B514-4E89-9493-7F82DEE37C43}.Release|Any CPU.Build.0 = Release|Any CPU
		{5B7490BF-2F24-4D8C-BB97-E38EA7F066E7}.Debug|Any CPU.ActiveCfg = Debug|Any CPU
		{5B7490BF-2F24-4D8C-BB97-E38EA7F066E7}.Debug|Any CPU.Build.0 = Debug|Any CPU
		{5B7490BF-2F24-4D8C-BB97-E38EA7F066E7}.Release|Any CPU.ActiveCfg = Release|Any CPU
		{5B7490BF-2F24-4D8C-BB97-E38EA7F066E7}.Release|Any CPU.Build.0 = Release|Any CPU
		{F9B49C99-8EE2-441C-A47D-285852DDA4F5}.Debug|Any CPU.ActiveCfg = Debug|Any CPU
		{F9B49C99-8EE2-441C-A47D-285852DDA4F5}.Debug|Any CPU.Build.0 = Debug|Any CPU
		{F9B49C99-8EE2-441C-A47D-285852DDA4F5}.Release|Any CPU.ActiveCfg = Release|Any CPU
		{F9B49C99-8EE2-441C-A47D-285852DDA4F5}.Release|Any CPU.Build.0 = Release|Any CPU
		{C60C505D-760C-4637-90DB-2EBDC8914B15}.Debug|Any CPU.ActiveCfg = Debug|Any CPU
		{C60C505D-760C-4637-90DB-2EBDC8914B15}.Debug|Any CPU.Build.0 = Debug|Any CPU
		{C60C505D-760C-4637-90DB-2EBDC8914B15}.Release|Any CPU.ActiveCfg = Release|Any CPU
		{C60C505D-760C-4637-90DB-2EBDC8914B15}.Release|Any CPU.Build.0 = Release|Any CPU
		{5DC3981A-4EB0-4EB3-924E-A29FF4E96A99}.Debug|Any CPU.ActiveCfg = Debug|Any CPU
		{5DC3981A-4EB0-4EB3-924E-A29FF4E96A99}.Debug|Any CPU.Build.0 = Debug|Any CPU
		{5DC3981A-4EB0-4EB3-924E-A29FF4E96A99}.Release|Any CPU.ActiveCfg = Release|Any CPU
		{5DC3981A-4EB0-4EB3-924E-A29FF4E96A99}.Release|Any CPU.Build.0 = Release|Any CPU
		{574F495C-50BF-4071-A85D-1D1152D36908}.Debug|Any CPU.ActiveCfg = Debug|Any CPU
		{574F495C-50BF-4071-A85D-1D1152D36908}.Debug|Any CPU.Build.0 = Debug|Any CPU
		{574F495C-50BF-4071-A85D-1D1152D36908}.Release|Any CPU.ActiveCfg = Release|Any CPU
		{574F495C-50BF-4071-A85D-1D1152D36908}.Release|Any CPU.Build.0 = Release|Any CPU
		{41216D54-7A9F-4624-BA7D-D88B7B81A195}.Debug|Any CPU.ActiveCfg = Debug|Any CPU
		{41216D54-7A9F-4624-BA7D-D88B7B81A195}.Debug|Any CPU.Build.0 = Debug|Any CPU
		{41216D54-7A9F-4624-BA7D-D88B7B81A195}.Release|Any CPU.ActiveCfg = Release|Any CPU
		{41216D54-7A9F-4624-BA7D-D88B7B81A195}.Release|Any CPU.Build.0 = Release|Any CPU
	EndGlobalSection
EndGlobal
